{
  "name": "keymap-editor-application",
  "version": "1.0.0",
  "lockfileVersion": 1,
  "requires": true,
  "dependencies": {
    "xterm": {
      "version": "4.8.1",
      "resolved": "https://registry.npmjs.org/xterm/-/xterm-4.8.1.tgz",
      "integrity": "sha512-ax91ny4tI5eklqIfH79OUSGE2PUX2rGbwONmB6DfqpyhSZO8/cf++sqiaMWEVCMjACyMfnISW7C3gGMoNvNolQ=="
    }
  }
}
