{
  "name": "keymap-editor-application",
  "version": "1.0.0",
  "lockfileVersion": 1,
  "requires": true,
  "dependencies": {
    "@fortawesome/fontawesome-free": {
      "version": "5.14.0",
      "resolved": "https://registry.npmjs.org/@fortawesome/fontawesome-free/-/fontawesome-free-5.14.0.tgz",
      "integrity": "sha512-OfdMsF+ZQgdKHP9jUbmDcRrP0eX90XXrsXIdyjLbkmSBzmMXPABB8eobUJtivaupucYaByz6WNe1PI1JuYm3qA=="
    },
    "xterm": {
      "version": "4.8.1",
      "resolved": "https://registry.npmjs.org/xterm/-/xterm-4.8.1.tgz",
      "integrity": "sha512-ax91ny4tI5eklqIfH79OUSGE2PUX2rGbwONmB6DfqpyhSZO8/cf++sqiaMWEVCMjACyMfnISW7C3gGMoNvNolQ=="
    }
  }
}
